// !$*UTF8*$!
{
	archiveVersion = 1;
	classes = {
	};
	objectVersion = 55;
	objects = {

/* Begin PBXBuildFile section */
		C66567B827E7CD48005FE9E1 /* FavoriteButton.swift in Sources */ = {isa = PBXBuildFile; fileRef = C66567B727E7CD48005FE9E1 /* FavoriteButton.swift */; };
		C69299D627E903F5007913B8 /* HexagonParameters.swift in Sources */ = {isa = PBXBuildFile; fileRef = C69299D527E903F5007913B8 /* HexagonParameters.swift */; };
		C69299D827E9085E007913B8 /* BadgeBackground.swift in Sources */ = {isa = PBXBuildFile; fileRef = C69299D727E9085E007913B8 /* BadgeBackground.swift */; };
		C69299DA27E94C22007913B8 /* BadgeSymbol.swift in Sources */ = {isa = PBXBuildFile; fileRef = C69299D927E94C22007913B8 /* BadgeSymbol.swift */; };
		C69299DC27E94D45007913B8 /* RotatedBadgeSymbol.swift in Sources */ = {isa = PBXBuildFile; fileRef = C69299DB27E94D45007913B8 /* RotatedBadgeSymbol.swift */; };
		C69299DE27E94DFF007913B8 /* Badge.swift in Sources */ = {isa = PBXBuildFile; fileRef = C69299DD27E94DFF007913B8 /* Badge.swift */; };
		C69299E127E95140007913B8 /* hikeData.json in Resources */ = {isa = PBXBuildFile; fileRef = C69299E027E95140007913B8 /* hikeData.json */; };
		C69299E327E951A2007913B8 /* Hike.swift in Sources */ = {isa = PBXBuildFile; fileRef = C69299E227E951A2007913B8 /* Hike.swift */; };
		C69299E927E952BB007913B8 /* GraphCapsule.swift in Sources */ = {isa = PBXBuildFile; fileRef = C69299E527E952BB007913B8 /* GraphCapsule.swift */; };
		C69299EA27E952BB007913B8 /* HikeGraph.swift in Sources */ = {isa = PBXBuildFile; fileRef = C69299E627E952BB007913B8 /* HikeGraph.swift */; };
		C69299EB27E952BB007913B8 /* HikeDetail.swift in Sources */ = {isa = PBXBuildFile; fileRef = C69299E727E952BB007913B8 /* HikeDetail.swift */; };
		C69299EC27E952BB007913B8 /* HikeView.swift in Sources */ = {isa = PBXBuildFile; fileRef = C69299E827E952BB007913B8 /* HikeView.swift */; };
		C6BD995B27E5425A00E3D8D2 /* LandmarkList.swift in Sources */ = {isa = PBXBuildFile; fileRef = C6BD995A27E5425900E3D8D2 /* LandmarkList.swift */; };
		C6BD995D27E547AF00E3D8D2 /* LandmarkDetail.swift in Sources */ = {isa = PBXBuildFile; fileRef = C6BD995C27E547AF00E3D8D2 /* LandmarkDetail.swift */; };
		C6D183B927E3A6B4005F762D /* LandmarksApp.swift in Sources */ = {isa = PBXBuildFile; fileRef = C6D183B827E3A6B4005F762D /* LandmarksApp.swift */; };
		C6D183BB27E3A6B4005F762D /* ContentView.swift in Sources */ = {isa = PBXBuildFile; fileRef = C6D183BA27E3A6B4005F762D /* ContentView.swift */; };
		C6D183BD27E3A6B9005F762D /* Assets.xcassets in Resources */ = {isa = PBXBuildFile; fileRef = C6D183BC27E3A6B9005F762D /* Assets.xcassets */; };
		C6D183C027E3A6B9005F762D /* Preview Assets.xcassets in Resources */ = {isa = PBXBuildFile; fileRef = C6D183BF27E3A6B9005F762D /* Preview Assets.xcassets */; };
		C6D183C727E3C196005F762D /* CircleImage.swift in Sources */ = {isa = PBXBuildFile; fileRef = C6D183C627E3C195005F762D /* CircleImage.swift */; };
		C6D183C927E3C2F5005F762D /* MapView.swift in Sources */ = {isa = PBXBuildFile; fileRef = C6D183C827E3C2F5005F762D /* MapView.swift */; };
		C6D183CB27E3C9B0005F762D /* landmarkData.json in Resources */ = {isa = PBXBuildFile; fileRef = C6D183CA27E3C9B0005F762D /* landmarkData.json */; };
		C6D183CD27E3C9CD005F762D /* Landmark.swift in Sources */ = {isa = PBXBuildFile; fileRef = C6D183CC27E3C9CD005F762D /* Landmark.swift */; };
		C6D183CF27E3CBCE005F762D /* ModelData.swift in Sources */ = {isa = PBXBuildFile; fileRef = C6D183CE27E3CBCE005F762D /* ModelData.swift */; };
		C6D183D427E3CEC9005F762D /* LandmarkRow.swift in Sources */ = {isa = PBXBuildFile; fileRef = C6D183D327E3CEC9005F762D /* LandmarkRow.swift */; };
/* End PBXBuildFile section */

/* Begin PBXFileReference section */
		C66567B727E7CD48005FE9E1 /* FavoriteButton.swift */ = {isa = PBXFileReference; lastKnownFileType = sourcecode.swift; path = FavoriteButton.swift; sourceTree = "<group>"; };
		C69299D527E903F5007913B8 /* HexagonParameters.swift */ = {isa = PBXFileReference; lastKnownFileType = sourcecode.swift; path = HexagonParameters.swift; sourceTree = "<group>"; };
		C69299D727E9085E007913B8 /* BadgeBackground.swift */ = {isa = PBXFileReference; lastKnownFileType = sourcecode.swift; path = BadgeBackground.swift; sourceTree = "<group>"; };
		C69299D927E94C22007913B8 /* BadgeSymbol.swift */ = {isa = PBXFileReference; lastKnownFileType = sourcecode.swift; path = BadgeSymbol.swift; sourceTree = "<group>"; };
		C69299DB27E94D45007913B8 /* RotatedBadgeSymbol.swift */ = {isa = PBXFileReference; lastKnownFileType = sourcecode.swift; path = RotatedBadgeSymbol.swift; sourceTree = "<group>"; };
		C69299DD27E94DFF007913B8 /* Badge.swift */ = {isa = PBXFileReference; lastKnownFileType = sourcecode.swift; path = Badge.swift; sourceTree = "<group>"; };
		C69299E027E95140007913B8 /* hikeData.json */ = {isa = PBXFileReference; fileEncoding = 4; lastKnownFileType = text.json; path = hikeData.json; sourceTree = "<group>"; };
		C69299E227E951A2007913B8 /* Hike.swift */ = {isa = PBXFileReference; lastKnownFileType = sourcecode.swift; path = Hike.swift; sourceTree = "<group>"; };
		C69299E527E952BB007913B8 /* GraphCapsule.swift */ = {isa = PBXFileReference; fileEncoding = 4; lastKnownFileType = sourcecode.swift; path = GraphCapsule.swift; sourceTree = "<group>"; };
		C69299E627E952BB007913B8 /* HikeGraph.swift */ = {isa = PBXFileReference; fileEncoding = 4; lastKnownFileType = sourcecode.swift; path = HikeGraph.swift; sourceTree = "<group>"; };
		C69299E727E952BB007913B8 /* HikeDetail.swift */ = {isa = PBXFileReference; fileEncoding = 4; lastKnownFileType = sourcecode.swift; path = HikeDetail.swift; sourceTree = "<group>"; };
		C69299E827E952BB007913B8 /* HikeView.swift */ = {isa = PBXFileReference; fileEncoding = 4; lastKnownFileType = sourcecode.swift; path = HikeView.swift; sourceTree = "<group>"; };
		C6BD995A27E5425900E3D8D2 /* LandmarkList.swift */ = {isa = PBXFileReference; lastKnownFileType = sourcecode.swift; path = LandmarkList.swift; sourceTree = "<group>"; };
		C6BD995C27E547AF00E3D8D2 /* LandmarkDetail.swift */ = {isa = PBXFileReference; lastKnownFileType = sourcecode.swift; path = LandmarkDetail.swift; sourceTree = "<group>"; };
		C6D183B527E3A6B4005F762D /* Landmarks.app */ = {isa = PBXFileReference; explicitFileType = wrapper.application; includeInIndex = 0; path = Landmarks.app; sourceTree = BUILT_PRODUCTS_DIR; };
		C6D183B827E3A6B4005F762D /* LandmarksApp.swift */ = {isa = PBXFileReference; lastKnownFileType = sourcecode.swift; path = LandmarksApp.swift; sourceTree = "<group>"; };
		C6D183BA27E3A6B4005F762D /* ContentView.swift */ = {isa = PBXFileReference; lastKnownFileType = sourcecode.swift; path = ContentView.swift; sourceTree = "<group>"; };
		C6D183BC27E3A6B9005F762D /* Assets.xcassets */ = {isa = PBXFileReference; lastKnownFileType = folder.assetcatalog; path = Assets.xcassets; sourceTree = "<group>"; };
		C6D183BF27E3A6B9005F762D /* Preview Assets.xcassets */ = {isa = PBXFileReference; lastKnownFileType = folder.assetcatalog; path = "Preview Assets.xcassets"; sourceTree = "<group>"; };
		C6D183C627E3C195005F762D /* CircleImage.swift */ = {isa = PBXFileReference; lastKnownFileType = sourcecode.swift; path = CircleImage.swift; sourceTree = "<group>"; };
		C6D183C827E3C2F5005F762D /* MapView.swift */ = {isa = PBXFileReference; lastKnownFileType = sourcecode.swift; path = MapView.swift; sourceTree = "<group>"; };
		C6D183CA27E3C9B0005F762D /* landmarkData.json */ = {isa = PBXFileReference; fileEncoding = 4; lastKnownFileType = text.json; path = landmarkData.json; sourceTree = "<group>"; };
		C6D183CC27E3C9CD005F762D /* Landmark.swift */ = {isa = PBXFileReference; lastKnownFileType = sourcecode.swift; path = Landmark.swift; sourceTree = "<group>"; };
		C6D183CE27E3CBCE005F762D /* ModelData.swift */ = {isa = PBXFileReference; lastKnownFileType = sourcecode.swift; path = ModelData.swift; sourceTree = "<group>"; };
		C6D183D327E3CEC9005F762D /* LandmarkRow.swift */ = {isa = PBXFileReference; lastKnownFileType = sourcecode.swift; path = LandmarkRow.swift; sourceTree = "<group>"; };
/* End PBXFileReference section */

/* Begin PBXFrameworksBuildPhase section */
		C6D183B227E3A6B4005F762D /* Frameworks */ = {
			isa = PBXFrameworksBuildPhase;
			buildActionMask = 2147483647;
			files = (
			);
			runOnlyForDeploymentPostprocessing = 0;
		};
/* End PBXFrameworksBuildPhase section */

/* Begin PBXGroup section */
		C66567B927E7CE2D005FE9E1 /* Helpers */ = {
			isa = PBXGroup;
			children = (
				C6D183C627E3C195005F762D /* CircleImage.swift */,
				C6D183C827E3C2F5005F762D /* MapView.swift */,
				C66567B727E7CD48005FE9E1 /* FavoriteButton.swift */,
			);
			path = Helpers;
			sourceTree = "<group>";
		};
		C66567BA27E7CE38005FE9E1 /* Landmarks */ = {
			isa = PBXGroup;
			children = (
				C6D183D327E3CEC9005F762D /* LandmarkRow.swift */,
				C6BD995A27E5425900E3D8D2 /* LandmarkList.swift */,
				C6BD995C27E547AF00E3D8D2 /* LandmarkDetail.swift */,
			);
			path = Landmarks;
			sourceTree = "<group>";
		};
		C69299DF27E94F78007913B8 /* Badges */ = {
			isa = PBXGroup;
			children = (
				C69299D527E903F5007913B8 /* HexagonParameters.swift */,
				C69299D727E9085E007913B8 /* BadgeBackground.swift */,
				C69299D927E94C22007913B8 /* BadgeSymbol.swift */,
				C69299DB27E94D45007913B8 /* RotatedBadgeSymbol.swift */,
				C69299DD27E94DFF007913B8 /* Badge.swift */,
			);
			path = Badges;
			sourceTree = "<group>";
		};
		C69299E427E952BB007913B8 /* Hikes */ = {
			isa = PBXGroup;
			children = (
				C69299E527E952BB007913B8 /* GraphCapsule.swift */,
				C69299E627E952BB007913B8 /* HikeGraph.swift */,
				C69299E727E952BB007913B8 /* HikeDetail.swift */,
				C69299E827E952BB007913B8 /* HikeView.swift */,
			);
			path = Hikes;
			sourceTree = "<group>";
		};
		C6D183AC27E3A6B4005F762D = {
			isa = PBXGroup;
			children = (
				C6D183B727E3A6B4005F762D /* Landmarks */,
				C6D183B627E3A6B4005F762D /* Products */,
			);
			sourceTree = "<group>";
		};
		C6D183B627E3A6B4005F762D /* Products */ = {
			isa = PBXGroup;
			children = (
				C6D183B527E3A6B4005F762D /* Landmarks.app */,
			);
			name = Products;
			sourceTree = "<group>";
		};
		C6D183B727E3A6B4005F762D /* Landmarks */ = {
			isa = PBXGroup;
			children = (
				C6D183B827E3A6B4005F762D /* LandmarksApp.swift */,
				C6D183BC27E3A6B9005F762D /* Assets.xcassets */,
				C6D183D027E3CDA3005F762D /* Views */,
				C6D183D227E3CE4A005F762D /* Model */,
				C6D183D127E3CE01005F762D /* Resources */,
				C6D183BE27E3A6B9005F762D /* Preview Content */,
			);
			path = Landmarks;
			sourceTree = "<group>";
		};
		C6D183BE27E3A6B9005F762D /* Preview Content */ = {
			isa = PBXGroup;
			children = (
				C6D183BF27E3A6B9005F762D /* Preview Assets.xcassets */,
			);
			path = "Preview Content";
			sourceTree = "<group>";
		};
		C6D183D027E3CDA3005F762D /* Views */ = {
			isa = PBXGroup;
			children = (
				C69299E427E952BB007913B8 /* Hikes */,
				C6D183BA27E3A6B4005F762D /* ContentView.swift */,
				C66567B927E7CE2D005FE9E1 /* Helpers */,
				C66567BA27E7CE38005FE9E1 /* Landmarks */,
				C69299DF27E94F78007913B8 /* Badges */,
			);
			path = Views;
			sourceTree = "<group>";
		};
		C6D183D127E3CE01005F762D /* Resources */ = {
			isa = PBXGroup;
			children = (
				C69299E027E95140007913B8 /* hikeData.json */,
				C6D183CA27E3C9B0005F762D /* landmarkData.json */,
			);
			path = Resources;
			sourceTree = "<group>";
		};
		C6D183D227E3CE4A005F762D /* Model */ = {
			isa = PBXGroup;
			children = (
				C6D183CC27E3C9CD005F762D /* Landmark.swift */,
				C6D183CE27E3CBCE005F762D /* ModelData.swift */,
				C69299E227E951A2007913B8 /* Hike.swift */,
			);
			path = Model;
			sourceTree = "<group>";
		};
/* End PBXGroup section */

/* Begin PBXNativeTarget section */
		C6D183B427E3A6B4005F762D /* Landmarks */ = {
			isa = PBXNativeTarget;
			buildConfigurationList = C6D183C327E3A6B9005F762D /* Build configuration list for PBXNativeTarget "Landmarks" */;
			buildPhases = (
				C6D183B127E3A6B4005F762D /* Sources */,
				C6D183B227E3A6B4005F762D /* Frameworks */,
				C6D183B327E3A6B4005F762D /* Resources */,
			);
			buildRules = (
			);
			dependencies = (
			);
			name = Landmarks;
			productName = Landmarks;
			productReference = C6D183B527E3A6B4005F762D /* Landmarks.app */;
			productType = "com.apple.product-type.application";
		};
/* End PBXNativeTarget section */

/* Begin PBXProject section */
		C6D183AD27E3A6B4005F762D /* Project object */ = {
			isa = PBXProject;
			attributes = {
				BuildIndependentTargetsInParallel = 1;
				LastSwiftUpdateCheck = 1330;
				LastUpgradeCheck = 1330;
				TargetAttributes = {
					C6D183B427E3A6B4005F762D = {
						CreatedOnToolsVersion = 13.3;
					};
				};
			};
			buildConfigurationList = C6D183B027E3A6B4005F762D /* Build configuration list for PBXProject "Landmarks" */;
			compatibilityVersion = "Xcode 13.0";
			developmentRegion = en;
			hasScannedForEncodings = 0;
			knownRegions = (
				en,
				Base,
			);
			mainGroup = C6D183AC27E3A6B4005F762D;
			productRefGroup = C6D183B627E3A6B4005F762D /* Products */;
			projectDirPath = "";
			projectRoot = "";
			targets = (
				C6D183B427E3A6B4005F762D /* Landmarks */,
			);
		};
/* End PBXProject section */

/* Begin PBXResourcesBuildPhase section */
		C6D183B327E3A6B4005F762D /* Resources */ = {
			isa = PBXResourcesBuildPhase;
			buildActionMask = 2147483647;
			files = (
				C69299E127E95140007913B8 /* hikeData.json in Resources */,
				C6D183C027E3A6B9005F762D /* Preview Assets.xcassets in Resources */,
				C6D183BD27E3A6B9005F762D /* Assets.xcassets in Resources */,
				C6D183CB27E3C9B0005F762D /* landmarkData.json in Resources */,
			);
			runOnlyForDeploymentPostprocessing = 0;
		};
/* End PBXResourcesBuildPhase section */

/* Begin PBXSourcesBuildPhase section */
		C6D183B127E3A6B4005F762D /* Sources */ = {
			isa = PBXSourcesBuildPhase;
			buildActionMask = 2147483647;
			files = (
				C6D183BB27E3A6B4005F762D /* ContentView.swift in Sources */,
				C69299EA27E952BB007913B8 /* HikeGraph.swift in Sources */,
				C69299DE27E94DFF007913B8 /* Badge.swift in Sources */,
				C6D183C927E3C2F5005F762D /* MapView.swift in Sources */,
				C69299E927E952BB007913B8 /* GraphCapsule.swift in Sources */,
				C6D183B927E3A6B4005F762D /* LandmarksApp.swift in Sources */,
				C66567B827E7CD48005FE9E1 /* FavoriteButton.swift in Sources */,
				C69299EB27E952BB007913B8 /* HikeDetail.swift in Sources */,
				C69299D627E903F5007913B8 /* HexagonParameters.swift in Sources */,
				C69299E327E951A2007913B8 /* Hike.swift in Sources */,
				C69299DC27E94D45007913B8 /* RotatedBadgeSymbol.swift in Sources */,
				C69299DA27E94C22007913B8 /* BadgeSymbol.swift in Sources */,
				C6BD995B27E5425A00E3D8D2 /* LandmarkList.swift in Sources */,
				C69299EC27E952BB007913B8 /* HikeView.swift in Sources */,
				C6BD995D27E547AF00E3D8D2 /* LandmarkDetail.swift in Sources */,
				C69299D827E9085E007913B8 /* BadgeBackground.swift in Sources */,
				C6D183C727E3C196005F762D /* CircleImage.swift in Sources */,
				C6D183CD27E3C9CD005F762D /* Landmark.swift in Sources */,
				C6D183D427E3CEC9005F762D /* LandmarkRow.swift in Sources */,
				C6D183CF27E3CBCE005F762D /* ModelData.swift in Sources */,
			);
			runOnlyForDeploymentPostprocessing = 0;
		};
/* End PBXSourcesBuildPhase section */

/* Begin XCBuildConfiguration section */
		C6D183C127E3A6B9005F762D /* Debug */ = {
			isa = XCBuildConfiguration;
			buildSettings = {
				ALWAYS_SEARCH_USER_PATHS = NO;
				CLANG_ANALYZER_NONNULL = YES;
				CLANG_ANALYZER_NUMBER_OBJECT_CONVERSION = YES_AGGRESSIVE;
				CLANG_CXX_LANGUAGE_STANDARD = "gnu++17";
				CLANG_ENABLE_MODULES = YES;
				CLANG_ENABLE_OBJC_ARC = YES;
				CLANG_ENABLE_OBJC_WEAK = YES;
				CLANG_WARN_BLOCK_CAPTURE_AUTORELEASING = YES;
				CLANG_WARN_BOOL_CONVERSION = YES;
				CLANG_WARN_COMMA = YES;
				CLANG_WARN_CONSTANT_CONVERSION = YES;
				CLANG_WARN_DEPRECATED_OBJC_IMPLEMENTATIONS = YES;
				CLANG_WARN_DIRECT_OBJC_ISA_USAGE = YES_ERROR;
				CLANG_WARN_DOCUMENTATION_COMMENTS = YES;
				CLANG_WARN_EMPTY_BODY = YES;
				CLANG_WARN_ENUM_CONVERSION = YES;
				CLANG_WARN_INFINITE_RECURSION = YES;
				CLANG_WARN_INT_CONVERSION = YES;
				CLANG_WARN_NON_LITERAL_NULL_CONVERSION = YES;
				CLANG_WARN_OBJC_IMPLICIT_RETAIN_SELF = YES;
				CLANG_WARN_OBJC_LITERAL_CONVERSION = YES;
				CLANG_WARN_OBJC_ROOT_CLASS = YES_ERROR;
				CLANG_WARN_QUOTED_INCLUDE_IN_FRAMEWORK_HEADER = YES;
				CLANG_WARN_RANGE_LOOP_ANALYSIS = YES;
				CLANG_WARN_STRICT_PROTOTYPES = YES;
				CLANG_WARN_SUSPICIOUS_MOVE = YES;
				CLANG_WARN_UNGUARDED_AVAILABILITY = YES_AGGRESSIVE;
				CLANG_WARN_UNREACHABLE_CODE = YES;
				CLANG_WARN__DUPLICATE_METHOD_MATCH = YES;
				COPY_PHASE_STRIP = NO;
				DEBUG_INFORMATION_FORMAT = dwarf;
				ENABLE_STRICT_OBJC_MSGSEND = YES;
				ENABLE_TESTABILITY = YES;
				GCC_C_LANGUAGE_STANDARD = gnu11;
				GCC_DYNAMIC_NO_PIC = NO;
				GCC_NO_COMMON_BLOCKS = YES;
				GCC_OPTIMIZATION_LEVEL = 0;
				GCC_PREPROCESSOR_DEFINITIONS = (
					"DEBUG=1",
					"$(inherited)",
				);
				GCC_WARN_64_TO_32_BIT_CONVERSION = YES;
				GCC_WARN_ABOUT_RETURN_TYPE = YES_ERROR;
				GCC_WARN_UNDECLARED_SELECTOR = YES;
				GCC_WARN_UNINITIALIZED_AUTOS = YES_AGGRESSIVE;
				GCC_WARN_UNUSED_FUNCTION = YES;
				GCC_WARN_UNUSED_VARIABLE = YES;
				IPHONEOS_DEPLOYMENT_TARGET = 15.4;
				MTL_ENABLE_DEBUG_INFO = INCLUDE_SOURCE;
				MTL_FAST_MATH = YES;
				ONLY_ACTIVE_ARCH = YES;
				SDKROOT = iphoneos;
				SWIFT_ACTIVE_COMPILATION_CONDITIONS = DEBUG;
				SWIFT_OPTIMIZATION_LEVEL = "-Onone";
			};
			name = Debug;
		};
		C6D183C227E3A6B9005F762D /* Release */ = {
			isa = XCBuildConfiguration;
			buildSettings = {
				ALWAYS_SEARCH_USER_PATHS = NO;
				CLANG_ANALYZER_NONNULL = YES;
				CLANG_ANALYZER_NUMBER_OBJECT_CONVERSION = YES_AGGRESSIVE;
				CLANG_CXX_LANGUAGE_STANDARD = "gnu++17";
				CLANG_ENABLE_MODULES = YES;
				CLANG_ENABLE_OBJC_ARC = YES;
				CLANG_ENABLE_OBJC_WEAK = YES;
				CLANG_WARN_BLOCK_CAPTURE_AUTORELEASING = YES;
				CLANG_WARN_BOOL_CONVERSION = YES;
				CLANG_WARN_COMMA = YES;
				CLANG_WARN_CONSTANT_CONVERSION = YES;
				CLANG_WARN_DEPRECATED_OBJC_IMPLEMENTATIONS = YES;
				CLANG_WARN_DIRECT_OBJC_ISA_USAGE = YES_ERROR;
				CLANG_WARN_DOCUMENTATION_COMMENTS = YES;
				CLANG_WARN_EMPTY_BODY = YES;
				CLANG_WARN_ENUM_CONVERSION = YES;
				CLANG_WARN_INFINITE_RECURSION = YES;
				CLANG_WARN_INT_CONVERSION = YES;
				CLANG_WARN_NON_LITERAL_NULL_CONVERSION = YES;
				CLANG_WARN_OBJC_IMPLICIT_RETAIN_SELF = YES;
				CLANG_WARN_OBJC_LITERAL_CONVERSION = YES;
				CLANG_WARN_OBJC_ROOT_CLASS = YES_ERROR;
				CLANG_WARN_QUOTED_INCLUDE_IN_FRAMEWORK_HEADER = YES;
				CLANG_WARN_RANGE_LOOP_ANALYSIS = YES;
				CLANG_WARN_STRICT_PROTOTYPES = YES;
				CLANG_WARN_SUSPICIOUS_MOVE = YES;
				CLANG_WARN_UNGUARDED_AVAILABILITY = YES_AGGRESSIVE;
				CLANG_WARN_UNREACHABLE_CODE = YES;
				CLANG_WARN__DUPLICATE_METHOD_MATCH = YES;
				COPY_PHASE_STRIP = NO;
				DEBUG_INFORMATION_FORMAT = "dwarf-with-dsym";
				ENABLE_NS_ASSERTIONS = NO;
				ENABLE_STRICT_OBJC_MSGSEND = YES;
				GCC_C_LANGUAGE_STANDARD = gnu11;
				GCC_NO_COMMON_BLOCKS = YES;
				GCC_WARN_64_TO_32_BIT_CONVERSION = YES;
				GCC_WARN_ABOUT_RETURN_TYPE = YES_ERROR;
				GCC_WARN_UNDECLARED_SELECTOR = YES;
				GCC_WARN_UNINITIALIZED_AUTOS = YES_AGGRESSIVE;
				GCC_WARN_UNUSED_FUNCTION = YES;
				GCC_WARN_UNUSED_VARIABLE = YES;
				IPHONEOS_DEPLOYMENT_TARGET = 15.4;
				MTL_ENABLE_DEBUG_INFO = NO;
				MTL_FAST_MATH = YES;
				SDKROOT = iphoneos;
				SWIFT_COMPILATION_MODE = wholemodule;
				SWIFT_OPTIMIZATION_LEVEL = "-O";
				VALIDATE_PRODUCT = YES;
			};
			name = Release;
		};
		C6D183C427E3A6B9005F762D /* Debug */ = {
			isa = XCBuildConfiguration;
			buildSettings = {
				ASSETCATALOG_COMPILER_APPICON_NAME = AppIcon;
				ASSETCATALOG_COMPILER_GLOBAL_ACCENT_COLOR_NAME = AccentColor;
				CODE_SIGN_STYLE = Automatic;
				CURRENT_PROJECT_VERSION = 1;
				DEVELOPMENT_ASSET_PATHS = "\"Landmarks/Preview Content\"";
				ENABLE_PREVIEWS = YES;
				GENERATE_INFOPLIST_FILE = YES;
				INFOPLIST_KEY_UIApplicationSceneManifest_Generation = YES;
				INFOPLIST_KEY_UIApplicationSupportsIndirectInputEvents = YES;
				INFOPLIST_KEY_UILaunchScreen_Generation = YES;
				INFOPLIST_KEY_UISupportedInterfaceOrientations_iPad = "UIInterfaceOrientationPortrait UIInterfaceOrientationPortraitUpsideDown UIInterfaceOrientationLandscapeLeft UIInterfaceOrientationLandscapeRight";
				INFOPLIST_KEY_UISupportedInterfaceOrientations_iPhone = "UIInterfaceOrientationPortrait UIInterfaceOrientationLandscapeLeft UIInterfaceOrientationLandscapeRight";
				LD_RUNPATH_SEARCH_PATHS = (
					"$(inherited)",
					"@executable_path/Frameworks",
				);
				MARKETING_VERSION = 1.0;
				PRODUCT_BUNDLE_IDENTIFIER = com.lechelcreative.Landmarks;
				PRODUCT_NAME = "$(TARGET_NAME)";
				SWIFT_EMIT_LOC_STRINGS = YES;
				SWIFT_VERSION = 5.0;
				TARGETED_DEVICE_FAMILY = "1,2";
			};
			name = Debug;
		};
		C6D183C527E3A6B9005F762D /* Release */ = {
			isa = XCBuildConfiguration;
			buildSettings = {
				ASSETCATALOG_COMPILER_APPICON_NAME = AppIcon;
				ASSETCATALOG_COMPILER_GLOBAL_ACCENT_COLOR_NAME = AccentColor;
				CODE_SIGN_STYLE = Automatic;
				CURRENT_PROJECT_VERSION = 1;
				DEVELOPMENT_ASSET_PATHS = "\"Landmarks/Preview Content\"";
				ENABLE_PREVIEWS = YES;
				GENERATE_INFOPLIST_FILE = YES;
				INFOPLIST_KEY_UIApplicationSceneManifest_Generation = YES;
				INFOPLIST_KEY_UIApplicationSupportsIndirectInputEvents = YES;
				INFOPLIST_KEY_UILaunchScreen_Generation = YES;
				INFOPLIST_KEY_UISupportedInterfaceOrientations_iPad = "UIInterfaceOrientationPortrait UIInterfaceOrientationPortraitUpsideDown UIInterfaceOrientationLandscapeLeft UIInterfaceOrientationLandscapeRight";
				INFOPLIST_KEY_UISupportedInterfaceOrientations_iPhone = "UIInterfaceOrientationPortrait UIInterfaceOrientationLandscapeLeft UIInterfaceOrientationLandscapeRight";
				LD_RUNPATH_SEARCH_PATHS = (
					"$(inherited)",
					"@executable_path/Frameworks",
				);
				MARKETING_VERSION = 1.0;
				PRODUCT_BUNDLE_IDENTIFIER = com.lechelcreative.Landmarks;
				PRODUCT_NAME = "$(TARGET_NAME)";
				SWIFT_EMIT_LOC_STRINGS = YES;
				SWIFT_VERSION = 5.0;
				TARGETED_DEVICE_FAMILY = "1,2";
			};
			name = Release;
		};
/* End XCBuildConfiguration section */

/* Begin XCConfigurationList section */
		C6D183B027E3A6B4005F762D /* Build configuration list for PBXProject "Landmarks" */ = {
			isa = XCConfigurationList;
			buildConfigurations = (
				C6D183C127E3A6B9005F762D /* Debug */,
				C6D183C227E3A6B9005F762D /* Release */,
			);
			defaultConfigurationIsVisible = 0;
			defaultConfigurationName = Release;
		};
		C6D183C327E3A6B9005F762D /* Build configuration list for PBXNativeTarget "Landmarks" */ = {
			isa = XCConfigurationList;
			buildConfigurations = (
				C6D183C427E3A6B9005F762D /* Debug */,
				C6D183C527E3A6B9005F762D /* Release */,
			);
			defaultConfigurationIsVisible = 0;
			defaultConfigurationName = Release;
		};
/* End XCConfigurationList section */
	};
	rootObject = C6D183AD27E3A6B4005F762D /* Project object */;
}
